PODS:
  - timetravelmachine (1.1.3)

DEPENDENCIES:
  - timetravelmachine (from `../shared-libraries/timetravelmachine`)

EXTERNAL SOURCES:
  timetravelmachine:
    :path: "../shared-libraries/timetravelmachine"

SPEC CHECKSUMS:
  timetravelmachine: 05a4e66052a371d1686c20e7329d73846ae51052

PODFILE CHECKSUM: afa4f17491d5af455e233074cd373181f14e12d9

COCOAPODS: 1.15.2
