PODS:
  - timetravelmachine (1.0)

DEPENDENCIES:
  - timetravelmachine (from `../shared-libraries/timetravelmachine`)

EXTERNAL SOURCES:
  timetravelmachine:
    :path: "../shared-libraries/timetravelmachine"

SPEC CHECKSUMS:
  timetravelmachine: 57959b42bc790b1360013718c41b5dc21b6d6af9

PODFILE CHECKSUM: 0d1f8306a43467411b562e9b17ac5aad7ce2a362

COCOAPODS: 1.10.1
