// !$*UTF8*$!
{
	archiveVersion = 1;
	classes = {
	};
	objectVersion = 54;
	objects = {

/* Begin PBXBuildFile section */
		B5A8118707E0C886BC21E99B /* Pods_TravelBackInTimeInvestInBitcoinIOS.framework in Frameworks */ = {isa = PBXBuildFile; fileRef = B1B2307F614C9E3BEF2D5574 /* Pods_TravelBackInTimeInvestInBitcoinIOS.framework */; };
		C038E912261D8C3A004D7EDF /* TravelBackInTimeInvestInBitcoinIOSApp.swift in Sources */ = {isa = PBXBuildFile; fileRef = C038E911261D8C3A004D7EDF /* TravelBackInTimeInvestInBitcoinIOSApp.swift */; };
		C038E914261D8C3A004D7EDF /* ContentView.swift in Sources */ = {isa = PBXBuildFile; fileRef = C038E913261D8C3A004D7EDF /* ContentView.swift */; };
		C038E916261D8C3E004D7EDF /* Assets.xcassets in Resources */ = {isa = PBXBuildFile; fileRef = C038E915261D8C3E004D7EDF /* Assets.xcassets */; };
		C038E919261D8C3E004D7EDF /* Preview Assets.xcassets in Resources */ = {isa = PBXBuildFile; fileRef = C038E918261D8C3E004D7EDF /* Preview Assets.xcassets */; };
/* End PBXBuildFile section */

/* Begin PBXFileReference section */
		353672513F55F4F39DB49E0B /* Pods-TravelBackInTimeInvestInBitcoinIOS.release.xcconfig */ = {isa = PBXFileReference; includeInIndex = 1; lastKnownFileType = text.xcconfig; name = "Pods-TravelBackInTimeInvestInBitcoinIOS.release.xcconfig"; path = "Target Support Files/Pods-TravelBackInTimeInvestInBitcoinIOS/Pods-TravelBackInTimeInvestInBitcoinIOS.release.xcconfig"; sourceTree = "<group>"; };
		44A6F80D3201B3E524C0C43E /* Pods-TravelBackInTimeInvestInBitcoinIOS.debug.xcconfig */ = {isa = PBXFileReference; includeInIndex = 1; lastKnownFileType = text.xcconfig; name = "Pods-TravelBackInTimeInvestInBitcoinIOS.debug.xcconfig"; path = "Target Support Files/Pods-TravelBackInTimeInvestInBitcoinIOS/Pods-TravelBackInTimeInvestInBitcoinIOS.debug.xcconfig"; sourceTree = "<group>"; };
		B1B2307F614C9E3BEF2D5574 /* Pods_TravelBackInTimeInvestInBitcoinIOS.framework */ = {isa = PBXFileReference; explicitFileType = wrapper.framework; includeInIndex = 0; path = Pods_TravelBackInTimeInvestInBitcoinIOS.framework; sourceTree = BUILT_PRODUCTS_DIR; };
		C038E90E261D8C3A004D7EDF /* TravelBackInTimeInvestInBitcoinIOS.app */ = {isa = PBXFileReference; explicitFileType = wrapper.application; includeInIndex = 0; path = TravelBackInTimeInvestInBitcoinIOS.app; sourceTree = BUILT_PRODUCTS_DIR; };
		C038E911261D8C3A004D7EDF /* TravelBackInTimeInvestInBitcoinIOSApp.swift */ = {isa = PBXFileReference; lastKnownFileType = sourcecode.swift; path = TravelBackInTimeInvestInBitcoinIOSApp.swift; sourceTree = "<group>"; };
		C038E913261D8C3A004D7EDF /* ContentView.swift */ = {isa = PBXFileReference; lastKnownFileType = sourcecode.swift; path = ContentView.swift; sourceTree = "<group>"; };
		C038E915261D8C3E004D7EDF /* Assets.xcassets */ = {isa = PBXFileReference; lastKnownFileType = folder.assetcatalog; path = Assets.xcassets; sourceTree = "<group>"; };
		C038E918261D8C3E004D7EDF /* Preview Assets.xcassets */ = {isa = PBXFileReference; lastKnownFileType = folder.assetcatalog; path = "Preview Assets.xcassets"; sourceTree = "<group>"; };
		C038E91A261D8C3E004D7EDF /* Info.plist */ = {isa = PBXFileReference; lastKnownFileType = text.plist.xml; path = Info.plist; sourceTree = "<group>"; };
/* End PBXFileReference section */

/* Begin PBXFrameworksBuildPhase section */
		C038E90B261D8C3A004D7EDF /* Frameworks */ = {
			isa = PBXFrameworksBuildPhase;
			buildActionMask = 2147483647;
			files = (
				B5A8118707E0C886BC21E99B /* Pods_TravelBackInTimeInvestInBitcoinIOS.framework in Frameworks */,
			);
			runOnlyForDeploymentPostprocessing = 0;
		};
/* End PBXFrameworksBuildPhase section */

/* Begin PBXGroup section */
		949BFBC69D6C4E25F758C69D /* Frameworks */ = {
			isa = PBXGroup;
			children = (
				B1B2307F614C9E3BEF2D5574 /* Pods_TravelBackInTimeInvestInBitcoinIOS.framework */,
			);
			name = Frameworks;
			sourceTree = "<group>";
		};
		C038E905261D8C3A004D7EDF = {
			isa = PBXGroup;
			children = (
				C038E910261D8C3A004D7EDF /* TravelBackInTimeInvestInBitcoinIOS */,
				C038E90F261D8C3A004D7EDF /* Products */,
				DD8EFFDFCDADDD555616385A /* Pods */,
				949BFBC69D6C4E25F758C69D /* Frameworks */,
			);
			sourceTree = "<group>";
		};
		C038E90F261D8C3A004D7EDF /* Products */ = {
			isa = PBXGroup;
			children = (
				C038E90E261D8C3A004D7EDF /* TravelBackInTimeInvestInBitcoinIOS.app */,
			);
			name = Products;
			sourceTree = "<group>";
		};
		C038E910261D8C3A004D7EDF /* TravelBackInTimeInvestInBitcoinIOS */ = {
			isa = PBXGroup;
			children = (
				C038E911261D8C3A004D7EDF /* TravelBackInTimeInvestInBitcoinIOSApp.swift */,
				C038E913261D8C3A004D7EDF /* ContentView.swift */,
				C038E915261D8C3E004D7EDF /* Assets.xcassets */,
				C038E91A261D8C3E004D7EDF /* Info.plist */,
				C038E917261D8C3E004D7EDF /* Preview Content */,
			);
			path = TravelBackInTimeInvestInBitcoinIOS;
			sourceTree = "<group>";
		};
		C038E917261D8C3E004D7EDF /* Preview Content */ = {
			isa = PBXGroup;
			children = (
				C038E918261D8C3E004D7EDF /* Preview Assets.xcassets */,
			);
			path = "Preview Content";
			sourceTree = "<group>";
		};
		DD8EFFDFCDADDD555616385A /* Pods */ = {
			isa = PBXGroup;
			children = (
				44A6F80D3201B3E524C0C43E /* Pods-TravelBackInTimeInvestInBitcoinIOS.debug.xcconfig */,
				353672513F55F4F39DB49E0B /* Pods-TravelBackInTimeInvestInBitcoinIOS.release.xcconfig */,
			);
			path = Pods;
			sourceTree = "<group>";
		};
/* End PBXGroup section */

/* Begin PBXNativeTarget section */
		C038E90D261D8C3A004D7EDF /* TravelBackInTimeInvestInBitcoinIOS */ = {
			isa = PBXNativeTarget;
			buildConfigurationList = C038E91D261D8C3E004D7EDF /* Build configuration list for PBXNativeTarget "TravelBackInTimeInvestInBitcoinIOS" */;
			buildPhases = (
				19C7042A2CF66427178E6264 /* [CP] Check Pods Manifest.lock */,
				C038E90A261D8C3A004D7EDF /* Sources */,
				C038E90B261D8C3A004D7EDF /* Frameworks */,
				C038E90C261D8C3A004D7EDF /* Resources */,
				3F889924430C9A390F3327FE /* [CP] Embed Pods Frameworks */,
			);
			buildRules = (
			);
			dependencies = (
			);
			name = TravelBackInTimeInvestInBitcoinIOS;
			productName = TravelBackInTimeInvestInBitcoinIOS;
			productReference = C038E90E261D8C3A004D7EDF /* TravelBackInTimeInvestInBitcoinIOS.app */;
			productType = "com.apple.product-type.application";
		};
/* End PBXNativeTarget section */

/* Begin PBXProject section */
		C038E906261D8C3A004D7EDF /* Project object */ = {
			isa = PBXProject;
			attributes = {
				LastSwiftUpdateCheck = 1240;
				LastUpgradeCheck = 1240;
				TargetAttributes = {
					C038E90D261D8C3A004D7EDF = {
						CreatedOnToolsVersion = 12.4;
					};
				};
			};
			buildConfigurationList = C038E909261D8C3A004D7EDF /* Build configuration list for PBXProject "TravelBackInTimeInvestInBitcoinIOS" */;
			compatibilityVersion = "Xcode 12.0";
			developmentRegion = en;
			hasScannedForEncodings = 0;
			knownRegions = (
				en,
				Base,
			);
			mainGroup = C038E905261D8C3A004D7EDF;
			productRefGroup = C038E90F261D8C3A004D7EDF /* Products */;
			projectDirPath = "";
			projectRoot = "";
			targets = (
				C038E90D261D8C3A004D7EDF /* TravelBackInTimeInvestInBitcoinIOS */,
			);
		};
/* End PBXProject section */

/* Begin PBXResourcesBuildPhase section */
		C038E90C261D8C3A004D7EDF /* Resources */ = {
			isa = PBXResourcesBuildPhase;
			buildActionMask = 2147483647;
			files = (
				C038E919261D8C3E004D7EDF /* Preview Assets.xcassets in Resources */,
				C038E916261D8C3E004D7EDF /* Assets.xcassets in Resources */,
			);
			runOnlyForDeploymentPostprocessing = 0;
		};
/* End PBXResourcesBuildPhase section */

/* Begin PBXShellScriptBuildPhase section */
		19C7042A2CF66427178E6264 /* [CP] Check Pods Manifest.lock */ = {
			isa = PBXShellScriptBuildPhase;
			buildActionMask = 2147483647;
			files = (
			);
			inputFileListPaths = (
			);
			inputPaths = (
				"${PODS_PODFILE_DIR_PATH}/Podfile.lock",
				"${PODS_ROOT}/Manifest.lock",
			);
			name = "[CP] Check Pods Manifest.lock";
			outputFileListPaths = (
			);
			outputPaths = (
				"$(DERIVED_FILE_DIR)/Pods-TravelBackInTimeInvestInBitcoinIOS-checkManifestLockResult.txt",
			);
			runOnlyForDeploymentPostprocessing = 0;
			shellPath = /bin/sh;
			shellScript = "diff \"${PODS_PODFILE_DIR_PATH}/Podfile.lock\" \"${PODS_ROOT}/Manifest.lock\" > /dev/null\nif [ $? != 0 ] ; then\n    # print error to STDERR\n    echo \"error: The sandbox is not in sync with the Podfile.lock. Run 'pod install' or update your CocoaPods installation.\" >&2\n    exit 1\nfi\n# This output is used by Xcode 'outputs' to avoid re-running this script phase.\necho \"SUCCESS\" > \"${SCRIPT_OUTPUT_FILE_0}\"\n";
			showEnvVarsInLog = 0;
		};
		3F889924430C9A390F3327FE /* [CP] Embed Pods Frameworks */ = {
			isa = PBXShellScriptBuildPhase;
			buildActionMask = 2147483647;
			files = (
			);
			inputFileListPaths = (
				"${PODS_ROOT}/Target Support Files/Pods-TravelBackInTimeInvestInBitcoinIOS/Pods-TravelBackInTimeInvestInBitcoinIOS-frameworks-${CONFIGURATION}-input-files.xcfilelist",
			);
			name = "[CP] Embed Pods Frameworks";
			outputFileListPaths = (
				"${PODS_ROOT}/Target Support Files/Pods-TravelBackInTimeInvestInBitcoinIOS/Pods-TravelBackInTimeInvestInBitcoinIOS-frameworks-${CONFIGURATION}-output-files.xcfilelist",
			);
			runOnlyForDeploymentPostprocessing = 0;
			shellPath = /bin/sh;
			shellScript = "\"${PODS_ROOT}/Target Support Files/Pods-TravelBackInTimeInvestInBitcoinIOS/Pods-TravelBackInTimeInvestInBitcoinIOS-frameworks.sh\"\n";
			showEnvVarsInLog = 0;
		};
/* End PBXShellScriptBuildPhase section */

/* Begin PBXSourcesBuildPhase section */
		C038E90A261D8C3A004D7EDF /* Sources */ = {
			isa = PBXSourcesBuildPhase;
			buildActionMask = 2147483647;
			files = (
				C038E914261D8C3A004D7EDF /* ContentView.swift in Sources */,
				C038E912261D8C3A004D7EDF /* TravelBackInTimeInvestInBitcoinIOSApp.swift in Sources */,
			);
			runOnlyForDeploymentPostprocessing = 0;
		};
/* End PBXSourcesBuildPhase section */

/* Begin XCBuildConfiguration section */
		C038E91B261D8C3E004D7EDF /* Debug */ = {
			isa = XCBuildConfiguration;
			buildSettings = {
				ALWAYS_SEARCH_USER_PATHS = NO;
				CLANG_ANALYZER_NONNULL = YES;
				CLANG_ANALYZER_NUMBER_OBJECT_CONVERSION = YES_AGGRESSIVE;
				CLANG_CXX_LANGUAGE_STANDARD = "gnu++14";
				CLANG_CXX_LIBRARY = "libc++";
				CLANG_ENABLE_MODULES = YES;
				CLANG_ENABLE_OBJC_ARC = YES;
				CLANG_ENABLE_OBJC_WEAK = YES;
				CLANG_WARN_BLOCK_CAPTURE_AUTORELEASING = YES;
				CLANG_WARN_BOOL_CONVERSION = YES;
				CLANG_WARN_COMMA = YES;
				CLANG_WARN_CONSTANT_CONVERSION = YES;
				CLANG_WARN_DEPRECATED_OBJC_IMPLEMENTATIONS = YES;
				CLANG_WARN_DIRECT_OBJC_ISA_USAGE = YES_ERROR;
				CLANG_WARN_DOCUMENTATION_COMMENTS = YES;
				CLANG_WARN_EMPTY_BODY = YES;
				CLANG_WARN_ENUM_CONVERSION = YES;
				CLANG_WARN_INFINITE_RECURSION = YES;
				CLANG_WARN_INT_CONVERSION = YES;
				CLANG_WARN_NON_LITERAL_NULL_CONVERSION = YES;
				CLANG_WARN_OBJC_IMPLICIT_RETAIN_SELF = YES;
				CLANG_WARN_OBJC_LITERAL_CONVERSION = YES;
				CLANG_WARN_OBJC_ROOT_CLASS = YES_ERROR;
				CLANG_WARN_QUOTED_INCLUDE_IN_FRAMEWORK_HEADER = YES;
				CLANG_WARN_RANGE_LOOP_ANALYSIS = YES;
				CLANG_WARN_STRICT_PROTOTYPES = YES;
				CLANG_WARN_SUSPICIOUS_MOVE = YES;
				CLANG_WARN_UNGUARDED_AVAILABILITY = YES_AGGRESSIVE;
				CLANG_WARN_UNREACHABLE_CODE = YES;
				CLANG_WARN__DUPLICATE_METHOD_MATCH = YES;
				COPY_PHASE_STRIP = NO;
				DEBUG_INFORMATION_FORMAT = dwarf;
				ENABLE_STRICT_OBJC_MSGSEND = YES;
				ENABLE_TESTABILITY = YES;
				GCC_C_LANGUAGE_STANDARD = gnu11;
				GCC_DYNAMIC_NO_PIC = NO;
				GCC_NO_COMMON_BLOCKS = YES;
				GCC_OPTIMIZATION_LEVEL = 0;
				GCC_PREPROCESSOR_DEFINITIONS = (
					"DEBUG=1",
					"$(inherited)",
				);
				GCC_WARN_64_TO_32_BIT_CONVERSION = YES;
				GCC_WARN_ABOUT_RETURN_TYPE = YES_ERROR;
				GCC_WARN_UNDECLARED_SELECTOR = YES;
				GCC_WARN_UNINITIALIZED_AUTOS = YES_AGGRESSIVE;
				GCC_WARN_UNUSED_FUNCTION = YES;
				GCC_WARN_UNUSED_VARIABLE = YES;
				IPHONEOS_DEPLOYMENT_TARGET = 14.4;
				MTL_ENABLE_DEBUG_INFO = INCLUDE_SOURCE;
				MTL_FAST_MATH = YES;
				ONLY_ACTIVE_ARCH = YES;
				SDKROOT = iphoneos;
				SWIFT_ACTIVE_COMPILATION_CONDITIONS = DEBUG;
				SWIFT_OPTIMIZATION_LEVEL = "-Onone";
			};
			name = Debug;
		};
		C038E91C261D8C3E004D7EDF /* Release */ = {
			isa = XCBuildConfiguration;
			buildSettings = {
				ALWAYS_SEARCH_USER_PATHS = NO;
				CLANG_ANALYZER_NONNULL = YES;
				CLANG_ANALYZER_NUMBER_OBJECT_CONVERSION = YES_AGGRESSIVE;
				CLANG_CXX_LANGUAGE_STANDARD = "gnu++14";
				CLANG_CXX_LIBRARY = "libc++";
				CLANG_ENABLE_MODULES = YES;
				CLANG_ENABLE_OBJC_ARC = YES;
				CLANG_ENABLE_OBJC_WEAK = YES;
				CLANG_WARN_BLOCK_CAPTURE_AUTORELEASING = YES;
				CLANG_WARN_BOOL_CONVERSION = YES;
				CLANG_WARN_COMMA = YES;
				CLANG_WARN_CONSTANT_CONVERSION = YES;
				CLANG_WARN_DEPRECATED_OBJC_IMPLEMENTATIONS = YES;
				CLANG_WARN_DIRECT_OBJC_ISA_USAGE = YES_ERROR;
				CLANG_WARN_DOCUMENTATION_COMMENTS = YES;
				CLANG_WARN_EMPTY_BODY = YES;
				CLANG_WARN_ENUM_CONVERSION = YES;
				CLANG_WARN_INFINITE_RECURSION = YES;
				CLANG_WARN_INT_CONVERSION = YES;
				CLANG_WARN_NON_LITERAL_NULL_CONVERSION = YES;
				CLANG_WARN_OBJC_IMPLICIT_RETAIN_SELF = YES;
				CLANG_WARN_OBJC_LITERAL_CONVERSION = YES;
				CLANG_WARN_OBJC_ROOT_CLASS = YES_ERROR;
				CLANG_WARN_QUOTED_INCLUDE_IN_FRAMEWORK_HEADER = YES;
				CLANG_WARN_RANGE_LOOP_ANALYSIS = YES;
				CLANG_WARN_STRICT_PROTOTYPES = YES;
				CLANG_WARN_SUSPICIOUS_MOVE = YES;
				CLANG_WARN_UNGUARDED_AVAILABILITY = YES_AGGRESSIVE;
				CLANG_WARN_UNREACHABLE_CODE = YES;
				CLANG_WARN__DUPLICATE_METHOD_MATCH = YES;
				COPY_PHASE_STRIP = NO;
				DEBUG_INFORMATION_FORMAT = "dwarf-with-dsym";
				ENABLE_NS_ASSERTIONS = NO;
				ENABLE_STRICT_OBJC_MSGSEND = YES;
				GCC_C_LANGUAGE_STANDARD = gnu11;
				GCC_NO_COMMON_BLOCKS = YES;
				GCC_WARN_64_TO_32_BIT_CONVERSION = YES;
				GCC_WARN_ABOUT_RETURN_TYPE = YES_ERROR;
				GCC_WARN_UNDECLARED_SELECTOR = YES;
				GCC_WARN_UNINITIALIZED_AUTOS = YES_AGGRESSIVE;
				GCC_WARN_UNUSED_FUNCTION = YES;
				GCC_WARN_UNUSED_VARIABLE = YES;
				IPHONEOS_DEPLOYMENT_TARGET = 14.4;
				MTL_ENABLE_DEBUG_INFO = NO;
				MTL_FAST_MATH = YES;
				SDKROOT = iphoneos;
				SWIFT_COMPILATION_MODE = wholemodule;
				SWIFT_OPTIMIZATION_LEVEL = "-O";
				VALIDATE_PRODUCT = YES;
			};
			name = Release;
		};
		C038E91E261D8C3E004D7EDF /* Debug */ = {
			isa = XCBuildConfiguration;
			baseConfigurationReference = 44A6F80D3201B3E524C0C43E /* Pods-TravelBackInTimeInvestInBitcoinIOS.debug.xcconfig */;
			buildSettings = {
				ASSETCATALOG_COMPILER_APPICON_NAME = AppIcon;
				ASSETCATALOG_COMPILER_GLOBAL_ACCENT_COLOR_NAME = AccentColor;
				CODE_SIGN_STYLE = Automatic;
				DEVELOPMENT_ASSET_PATHS = "\"TravelBackInTimeInvestInBitcoinIOS/Preview Content\"";
				ENABLE_PREVIEWS = YES;
				INFOPLIST_FILE = TravelBackInTimeInvestInBitcoinIOS/Info.plist;
				IPHONEOS_DEPLOYMENT_TARGET = 14.0;
				LD_RUNPATH_SEARCH_PATHS = (
					"$(inherited)",
					"@executable_path/Frameworks",
				);
				PRODUCT_BUNDLE_IDENTIFIER = com.travelbackintime.buybitcoin;
				PRODUCT_NAME = "$(TARGET_NAME)";
				SWIFT_VERSION = 5.0;
				TARGETED_DEVICE_FAMILY = "1,2";
			};
			name = Debug;
		};
		C038E91F261D8C3E004D7EDF /* Release */ = {
			isa = XCBuildConfiguration;
			baseConfigurationReference = 353672513F55F4F39DB49E0B /* Pods-TravelBackInTimeInvestInBitcoinIOS.release.xcconfig */;
			buildSettings = {
				ASSETCATALOG_COMPILER_APPICON_NAME = AppIcon;
				ASSETCATALOG_COMPILER_GLOBAL_ACCENT_COLOR_NAME = AccentColor;
				CODE_SIGN_STYLE = Automatic;
				DEVELOPMENT_ASSET_PATHS = "\"TravelBackInTimeInvestInBitcoinIOS/Preview Content\"";
				ENABLE_PREVIEWS = YES;
				INFOPLIST_FILE = TravelBackInTimeInvestInBitcoinIOS/Info.plist;
				IPHONEOS_DEPLOYMENT_TARGET = 14.0;
				LD_RUNPATH_SEARCH_PATHS = (
					"$(inherited)",
					"@executable_path/Frameworks",
				);
				PRODUCT_BUNDLE_IDENTIFIER = com.travelbackintime.buybitcoin;
				PRODUCT_NAME = "$(TARGET_NAME)";
				SWIFT_VERSION = 5.0;
				TARGETED_DEVICE_FAMILY = "1,2";
			};
			name = Release;
		};
/* End XCBuildConfiguration section */

/* Begin XCConfigurationList section */
		C038E909261D8C3A004D7EDF /* Build configuration list for PBXProject "TravelBackInTimeInvestInBitcoinIOS" */ = {
			isa = XCConfigurationList;
			buildConfigurations = (
				C038E91B261D8C3E004D7EDF /* Debug */,
				C038E91C261D8C3E004D7EDF /* Release */,
			);
			defaultConfigurationIsVisible = 0;
			defaultConfigurationName = Release;
		};
		C038E91D261D8C3E004D7EDF /* Build configuration list for PBXNativeTarget "TravelBackInTimeInvestInBitcoinIOS" */ = {
			isa = XCConfigurationList;
			buildConfigurations = (
				C038E91E261D8C3E004D7EDF /* Debug */,
				C038E91F261D8C3E004D7EDF /* Release */,
			);
			defaultConfigurationIsVisible = 0;
			defaultConfigurationName = Release;
		};
/* End XCConfigurationList section */
	};
	rootObject = C038E906261D8C3A004D7EDF /* Project object */;
}
